
Microsoft Visual Studio Solution File, Format Version 12.00
# Visual Studio Version 16
VisualStudioVersion = 16.0.31624.102
MinimumVisualStudioVersion = 10.0.40219.1
Project("{9A19103F-16F7-4668-BE54-9A1E7A4F7556}") = "Entities", "Entities\Entities.csproj", "{C570C411-7639-45DB-83C3-DC34C6504FCD}"
EndProject
Project("{9A19103F-16F7-4668-BE54-9A1E7A4F7556}") = "Business", "Business\Business.csproj", "{FAAEDCA9-F48C-457A-B693-D4404387F7BA}"
EndProject
Project("{9A19103F-16F7-4668-BE54-9A1E7A4F7556}") = "DataAccess", "DataAccess\DataAccess.csproj", "{6BDE35E8-938F-4C39-926F-AD67F9CDF2C8}"
EndProject
Project("{9A19103F-16F7-4668-BE54-9A1E7A4F7556}") = "Core", "Core\Core.csproj", "{A17A75CD-A804-48B3-8C52-5C5FFF957BE8}"
EndProject
Project("{FAE04EC0-301F-11D3-BF4B-00C04F79EFBC}") = "SmartCar", "SmartCar\SmartCar.csproj", "{31A0D4DF-8971-413C-84C6-F281D3CE22AD}"
EndProject
Global
	GlobalSection(SolutionConfigurationPlatforms) = preSolution
		Debug|Any CPU = Debug|Any CPU
		Release|Any CPU = Release|Any CPU
	EndGlobalSection
	GlobalSection(ProjectConfigurationPlatforms) = postSolution
		{C570C411-7639-45DB-83C3-DC34C6504FCD}.Debug|Any CPU.ActiveCfg = Debug|Any CPU
		{C570C411-7639-45DB-83C3-DC34C6504FCD}.Debug|Any CPU.Build.0 = Debug|Any CPU
		{C570C411-7639-45DB-83C3-DC34C6504FCD}.Release|Any CPU.ActiveCfg = Release|Any CPU
		{C570C411-7639-45DB-83C3-DC34C6504FCD}.Release|Any CPU.Build.0 = Release|Any CPU
		{FAAEDCA9-F48C-457A-B693-D4404387F7BA}.Debug|Any CPU.ActiveCfg = Debug|Any CPU
		{FAAEDCA9-F48C-457A-B693-D4404387F7BA}.Debug|Any CPU.Build.0 = Debug|Any CPU
		{FAAEDCA9-F48C-457A-B693-D4404387F7BA}.Release|Any CPU.ActiveCfg = Release|Any CPU
		{FAAEDCA9-F48C-457A-B693-D4404387F7BA}.Release|Any CPU.Build.0 = Release|Any CPU
		{6BDE35E8-938F-4C39-926F-AD67F9CDF2C8}.Debug|Any CPU.ActiveCfg = Debug|Any CPU
		{6BDE35E8-938F-4C39-926F-AD67F9CDF2C8}.Debug|Any CPU.Build.0 = Debug|Any CPU
		{6BDE35E8-938F-4C39-926F-AD67F9CDF2C8}.Release|Any CPU.ActiveCfg = Release|Any CPU
		{6BDE35E8-938F-4C39-926F-AD67F9CDF2C8}.Release|Any CPU.Build.0 = Release|Any CPU
		{A17A75CD-A804-48B3-8C52-5C5FFF957BE8}.Debug|Any CPU.ActiveCfg = Debug|Any CPU
		{A17A75CD-A804-48B3-8C52-5C5FFF957BE8}.Debug|Any CPU.Build.0 = Debug|Any CPU
		{A17A75CD-A804-48B3-8C52-5C5FFF957BE8}.Release|Any CPU.ActiveCfg = Release|Any CPU
		{A17A75CD-A804-48B3-8C52-5C5FFF957BE8}.Release|Any CPU.Build.0 = Release|Any CPU
		{31A0D4DF-8971-413C-84C6-F281D3CE22AD}.Debug|Any CPU.ActiveCfg = Debug|Any CPU
		{31A0D4DF-8971-413C-84C6-F281D3CE22AD}.Debug|Any CPU.Build.0 = Debug|Any CPU
		{31A0D4DF-8971-413C-84C6-F281D3CE22AD}.Release|Any CPU.ActiveCfg = Release|Any CPU
		{31A0D4DF-8971-413C-84C6-F281D3CE22AD}.Release|Any CPU.Build.0 = Release|Any CPU
	EndGlobalSection
	GlobalSection(SolutionProperties) = preSolution
		HideSolutionNode = FALSE
	EndGlobalSection
	GlobalSection(ExtensibilityGlobals) = postSolution
		SolutionGuid = {98B62741-0EA5-4A63-AA72-C58755777CBD}
	EndGlobalSection
EndGlobal
